# This file is autogenerated, do not edit; changes may be undone by the next 'dep ensure'.


[[projects]]
  branch = "master"
  digest = "1:665d2b11d5b351912ef95226b68b74195521fdeed447f4b20370b998a01041eb"
  name = "github.com/alexflint/go-filemutex"
  packages = ["."]
  pruneopts = "UT"
  revision = "d358565f3c3f5334209f1e80693e4f621650c489"

[[projects]]
  branch = "master"
  digest = "1:d0cb25a09d90f15d0b0b56deafca207e0e7f173b0fb09b27cbd8e583513b5b9b"
  name = "github.com/mpdroog/transip"
  packages = ["."]
  pruneopts = "UT"
  revision = "39b779d8f20c0233e777ad6f60df8081a10e8deb"

[solve-meta]
  analyzer-name = "dep"
  analyzer-version = 1
  input-imports = [
    "github.com/alexflint/go-filemutex",
    "github.com/mpdroog/transip",
  ]
  solver-name = "gps-cdcl"
  solver-version = 1
